
Microsoft Visual Studio Solution File, Format Version 12.00
# Visual Studio 15
VisualStudioVersion = 15.0.28010.2046
MinimumVisualStudioVersion = 10.0.40219.1
Project("{FAE04EC0-301F-11D3-BF4B-00C04F79EFBC}") = "eCommerce.cs", "eCommerce.cs\eCommerce.cs.csproj", "{321B43B3-892C-469D-B208-DB497AB9A3A7}"
EndProject
Global
	GlobalSection(SolutionConfigurationPlatforms) = preSolution
		Debug|Any CPU = Debug|Any CPU
		Release|Any CPU = Release|Any CPU
	EndGlobalSection
	GlobalSection(ProjectConfigurationPlatforms) = postSolution
		{321B43B3-892C-469D-B208-DB497AB9A3A7}.Debug|Any CPU.ActiveCfg = Debug|Any CPU
		{321B43B3-892C-469D-B208-DB497AB9A3A7}.Debug|Any CPU.Build.0 = Debug|Any CPU
		{321B43B3-892C-469D-B208-DB497AB9A3A7}.Release|Any CPU.ActiveCfg = Release|Any CPU
		{321B43B3-892C-469D-B208-DB497AB9A3A7}.Release|Any CPU.Build.0 = Release|Any CPU
	EndGlobalSection
	GlobalSection(SolutionProperties) = preSolution
		HideSolutionNode = FALSE
	EndGlobalSection
	GlobalSection(ExtensibilityGlobals) = postSolution
		SolutionGuid = {46F12388-C4BD-46BD-919F-EBE01474C85D}
	EndGlobalSection
EndGlobal
